
Microsoft Visual Studio Solution File, Format Version 12.00
# Visual Studio Version 16
VisualStudioVersion = 16.0.29230.47
MinimumVisualStudioVersion = 10.0.40219.1
Project("{FAE04EC0-301F-11D3-BF4B-00C04F79EFBC}") = "Osm.Revit", "Osm.Revit\Osm.Revit.csproj", "{70F297DC-77EE-41DA-B21D-3B136D44873C}"
EndProject
Project("{FAE04EC0-301F-11D3-BF4B-00C04F79EFBC}") = "Osm.RevitDA", "Osm.RevitDA\Osm.RevitDA.csproj", "{91A2A7E7-04DF-4B08-A629-B94728A2CE80}"
EndProject
Project("{FAE04EC0-301F-11D3-BF4B-00C04F79EFBC}") = "Osm.RevitUI", "Osm.RevitUI\Osm.RevitUI.csproj", "{33D74596-8855-4207-9060-5E94C2332BF9}"
EndProject
Global
	GlobalSection(SolutionConfigurationPlatforms) = preSolution
		Debug2016|x64 = Debug2016|x64
		Debug2017|x64 = Debug2017|x64
		Debug2018|x64 = Debug2018|x64
		Debug2019|x64 = Debug2019|x64
		Debug2020|x64 = Debug2020|x64
		Release2016|x64 = Release2016|x64
		Release2017|x64 = Release2017|x64
		Release2018|x64 = Release2018|x64
		Release2019|x64 = Release2019|x64
		Release2020|x64 = Release2020|x64
	EndGlobalSection
	GlobalSection(ProjectConfigurationPlatforms) = postSolution
		{70F297DC-77EE-41DA-B21D-3B136D44873C}.Debug2016|x64.ActiveCfg = Debug2016|x64
		{70F297DC-77EE-41DA-B21D-3B136D44873C}.Debug2016|x64.Build.0 = Debug2016|x64
		{70F297DC-77EE-41DA-B21D-3B136D44873C}.Debug2017|x64.ActiveCfg = Debug2017|x64
		{70F297DC-77EE-41DA-B21D-3B136D44873C}.Debug2017|x64.Build.0 = Debug2017|x64
		{70F297DC-77EE-41DA-B21D-3B136D44873C}.Debug2018|x64.ActiveCfg = Debug2018|x64
		{70F297DC-77EE-41DA-B21D-3B136D44873C}.Debug2018|x64.Build.0 = Debug2018|x64
		{70F297DC-77EE-41DA-B21D-3B136D44873C}.Debug2019|x64.ActiveCfg = Debug2019|x64
		{70F297DC-77EE-41DA-B21D-3B136D44873C}.Debug2019|x64.Build.0 = Debug2019|x64
		{70F297DC-77EE-41DA-B21D-3B136D44873C}.Debug2020|x64.ActiveCfg = Debug2020|x64
		{70F297DC-77EE-41DA-B21D-3B136D44873C}.Debug2020|x64.Build.0 = Debug2020|x64
		{70F297DC-77EE-41DA-B21D-3B136D44873C}.Release2016|x64.ActiveCfg = Release2016|x64
		{70F297DC-77EE-41DA-B21D-3B136D44873C}.Release2016|x64.Build.0 = Release2016|x64
		{70F297DC-77EE-41DA-B21D-3B136D44873C}.Release2017|x64.ActiveCfg = Release2017|x64
		{70F297DC-77EE-41DA-B21D-3B136D44873C}.Release2017|x64.Build.0 = Release2017|x64
		{70F297DC-77EE-41DA-B21D-3B136D44873C}.Release2018|x64.ActiveCfg = Release2018|x64
		{70F297DC-77EE-41DA-B21D-3B136D44873C}.Release2018|x64.Build.0 = Release2018|x64
		{70F297DC-77EE-41DA-B21D-3B136D44873C}.Release2019|x64.ActiveCfg = Release2019|x64
		{70F297DC-77EE-41DA-B21D-3B136D44873C}.Release2019|x64.Build.0 = Release2019|x64
		{70F297DC-77EE-41DA-B21D-3B136D44873C}.Release2020|x64.ActiveCfg = Release2020|x64
		{70F297DC-77EE-41DA-B21D-3B136D44873C}.Release2020|x64.Build.0 = Release2020|x64
		{91A2A7E7-04DF-4B08-A629-B94728A2CE80}.Debug2016|x64.ActiveCfg = Debug2016|x64
		{91A2A7E7-04DF-4B08-A629-B94728A2CE80}.Debug2016|x64.Build.0 = Debug2016|x64
		{91A2A7E7-04DF-4B08-A629-B94728A2CE80}.Debug2017|x64.ActiveCfg = Debug2017|x64
		{91A2A7E7-04DF-4B08-A629-B94728A2CE80}.Debug2017|x64.Build.0 = Debug2017|x64
		{91A2A7E7-04DF-4B08-A629-B94728A2CE80}.Debug2018|x64.ActiveCfg = Debug2018|x64
		{91A2A7E7-04DF-4B08-A629-B94728A2CE80}.Debug2018|x64.Build.0 = Debug2018|x64
		{91A2A7E7-04DF-4B08-A629-B94728A2CE80}.Debug2019|x64.ActiveCfg = Debug2019|x64
		{91A2A7E7-04DF-4B08-A629-B94728A2CE80}.Debug2019|x64.Build.0 = Debug2019|x64
		{91A2A7E7-04DF-4B08-A629-B94728A2CE80}.Debug2020|x64.ActiveCfg = Debug2020|x64
		{91A2A7E7-04DF-4B08-A629-B94728A2CE80}.Debug2020|x64.Build.0 = Debug2020|x64
		{91A2A7E7-04DF-4B08-A629-B94728A2CE80}.Release2016|x64.ActiveCfg = Release2016|x64
		{91A2A7E7-04DF-4B08-A629-B94728A2CE80}.Release2016|x64.Build.0 = Release2016|x64
		{91A2A7E7-04DF-4B08-A629-B94728A2CE80}.Release2017|x64.ActiveCfg = Release2017|x64
		{91A2A7E7-04DF-4B08-A629-B94728A2CE80}.Release2017|x64.Build.0 = Release2017|x64
		{91A2A7E7-04DF-4B08-A629-B94728A2CE80}.Release2018|x64.ActiveCfg = Release2018|x64
		{91A2A7E7-04DF-4B08-A629-B94728A2CE80}.Release2018|x64.Build.0 = Release2018|x64
		{91A2A7E7-04DF-4B08-A629-B94728A2CE80}.Release2019|x64.ActiveCfg = Release2019|x64
		{91A2A7E7-04DF-4B08-A629-B94728A2CE80}.Release2019|x64.Build.0 = Release2019|x64
		{91A2A7E7-04DF-4B08-A629-B94728A2CE80}.Release2020|x64.ActiveCfg = Release2020|x64
		{91A2A7E7-04DF-4B08-A629-B94728A2CE80}.Release2020|x64.Build.0 = Release2020|x64
		{33D74596-8855-4207-9060-5E94C2332BF9}.Debug2016|x64.ActiveCfg = Debug2016|x64
		{33D74596-8855-4207-9060-5E94C2332BF9}.Debug2016|x64.Build.0 = Debug2016|x64
		{33D74596-8855-4207-9060-5E94C2332BF9}.Debug2017|x64.ActiveCfg = Debug2017|x64
		{33D74596-8855-4207-9060-5E94C2332BF9}.Debug2017|x64.Build.0 = Debug2017|x64
		{33D74596-8855-4207-9060-5E94C2332BF9}.Debug2018|x64.ActiveCfg = Debug2018|x64
		{33D74596-8855-4207-9060-5E94C2332BF9}.Debug2018|x64.Build.0 = Debug2018|x64
		{33D74596-8855-4207-9060-5E94C2332BF9}.Debug2019|x64.ActiveCfg = Debug2019|x64
		{33D74596-8855-4207-9060-5E94C2332BF9}.Debug2019|x64.Build.0 = Debug2019|x64
		{33D74596-8855-4207-9060-5E94C2332BF9}.Debug2020|x64.ActiveCfg = Debug2020|x64
		{33D74596-8855-4207-9060-5E94C2332BF9}.Debug2020|x64.Build.0 = Debug2020|x64
		{33D74596-8855-4207-9060-5E94C2332BF9}.Release2016|x64.ActiveCfg = Release2016|x64
		{33D74596-8855-4207-9060-5E94C2332BF9}.Release2016|x64.Build.0 = Release2016|x64
		{33D74596-8855-4207-9060-5E94C2332BF9}.Release2017|x64.ActiveCfg = Release2017|x64
		{33D74596-8855-4207-9060-5E94C2332BF9}.Release2017|x64.Build.0 = Release2017|x64
		{33D74596-8855-4207-9060-5E94C2332BF9}.Release2018|x64.ActiveCfg = Release2018|x64
		{33D74596-8855-4207-9060-5E94C2332BF9}.Release2018|x64.Build.0 = Release2018|x64
		{33D74596-8855-4207-9060-5E94C2332BF9}.Release2019|x64.ActiveCfg = Release2019|x64
		{33D74596-8855-4207-9060-5E94C2332BF9}.Release2019|x64.Build.0 = Release2019|x64
		{33D74596-8855-4207-9060-5E94C2332BF9}.Release2020|x64.ActiveCfg = Release2020|x64
		{33D74596-8855-4207-9060-5E94C2332BF9}.Release2020|x64.Build.0 = Release2020|x64
	EndGlobalSection
	GlobalSection(SolutionProperties) = preSolution
		HideSolutionNode = FALSE
	EndGlobalSection
	GlobalSection(ExtensibilityGlobals) = postSolution
		SolutionGuid = {311A1BCF-E20A-4A14-8D61-9C5F88446651}
	EndGlobalSection
EndGlobal
